Microsoft Visual Studio Solution File, Format Version 11.00
# Visual Studio 2008

Project("{7656C021-35BB-EE9B-10BD-3DA7962FD8C2}") = "CardPairingAR", "Assembly-CSharp.csproj", "{23F1EB57-9FBC-82FA-9438-E12891D56110}"
EndProject
Global
	GlobalSection(SolutionConfigurationPlatforms) = preSolution
		Debug|Any CPU = Debug|Any CPU
		Release|Any CPU = Release|Any CPU
	EndGlobalSection
	GlobalSection(ProjectConfigurationPlatforms) = postSolution
		{23F1EB57-9FBC-82FA-9438-E12891D56110}.Debug|Any CPU.ActiveCfg = Debug|Any CPU
		{23F1EB57-9FBC-82FA-9438-E12891D56110}.Debug|Any CPU.Build.0 = Debug|Any CPU
		{23F1EB57-9FBC-82FA-9438-E12891D56110}.Release|Any CPU.ActiveCfg = Release|Any CPU
		{23F1EB57-9FBC-82FA-9438-E12891D56110}.Release|Any CPU.Build.0 = Release|Any CPU
	EndGlobalSection
	GlobalSection(SolutionProperties) = preSolution
		HideSolutionNode = FALSE
	EndGlobalSection
	GlobalSection(MonoDevelopProperties) = preSolution
		StartupItem = Assembly-CSharp.csproj
	EndGlobalSection
EndGlobal
